
Microsoft Visual Studio Solution File, Format Version 12.00
# Visual Studio Version 17
VisualStudioVersion = 17.9.34728.123
MinimumVisualStudioVersion = 10.0.40219.1
Project("{FAE04EC0-301F-11D3-BF4B-00C04F79EFBC}") = "recursividad", "recursividad\recursividad.csproj", "{A57646FC-5FAF-4B65-8F31-EE5CB8CB94BA}"
EndProject
Global
	GlobalSection(SolutionConfigurationPlatforms) = preSolution
		Debug|Any CPU = Debug|Any CPU
		Release|Any CPU = Release|Any CPU
	EndGlobalSection
	GlobalSection(ProjectConfigurationPlatforms) = postSolution
		{A57646FC-5FAF-4B65-8F31-EE5CB8CB94BA}.Debug|Any CPU.ActiveCfg = Debug|Any CPU
		{A57646FC-5FAF-4B65-8F31-EE5CB8CB94BA}.Debug|Any CPU.Build.0 = Debug|Any CPU
		{A57646FC-5FAF-4B65-8F31-EE5CB8CB94BA}.Release|Any CPU.ActiveCfg = Release|Any CPU
		{A57646FC-5FAF-4B65-8F31-EE5CB8CB94BA}.Release|Any CPU.Build.0 = Release|Any CPU
	EndGlobalSection
	GlobalSection(SolutionProperties) = preSolution
		HideSolutionNode = FALSE
	EndGlobalSection
	GlobalSection(ExtensibilityGlobals) = postSolution
		SolutionGuid = {B2B94C36-3568-4D93-8990-14B73C921813}
	EndGlobalSection
EndGlobal
